
Microsoft Visual Studio Solution File, Format Version 12.00
# Visual Studio Version 17
VisualStudioVersion = 17.1.32210.238
MinimumVisualStudioVersion = 10.0.40219.1
Project("{9A19103F-16F7-4668-BE54-9A1E7A4F7556}") = "NUnitTesting", "NUnitTesting\NUnitTesting.csproj", "{75E1BB5C-7960-473C-BF38-58F304EACDFB}"
EndProject
Project("{9A19103F-16F7-4668-BE54-9A1E7A4F7556}") = "MazeRunner", "MazeRunner\MazeRunner.csproj", "{BDA51B83-D603-4A3E-8546-A1347ECB3AD3}"
EndProject
Global
	GlobalSection(SolutionConfigurationPlatforms) = preSolution
		Debug|Any CPU = Debug|Any CPU
		Release|Any CPU = Release|Any CPU
	EndGlobalSection
	GlobalSection(ProjectConfigurationPlatforms) = postSolution
		{75E1BB5C-7960-473C-BF38-58F304EACDFB}.Debug|Any CPU.ActiveCfg = Debug|Any CPU
		{75E1BB5C-7960-473C-BF38-58F304EACDFB}.Debug|Any CPU.Build.0 = Debug|Any CPU
		{75E1BB5C-7960-473C-BF38-58F304EACDFB}.Release|Any CPU.ActiveCfg = Release|Any CPU
		{75E1BB5C-7960-473C-BF38-58F304EACDFB}.Release|Any CPU.Build.0 = Release|Any CPU
		{BDA51B83-D603-4A3E-8546-A1347ECB3AD3}.Debug|Any CPU.ActiveCfg = Debug|Any CPU
		{BDA51B83-D603-4A3E-8546-A1347ECB3AD3}.Debug|Any CPU.Build.0 = Debug|Any CPU
		{BDA51B83-D603-4A3E-8546-A1347ECB3AD3}.Release|Any CPU.ActiveCfg = Release|Any CPU
		{BDA51B83-D603-4A3E-8546-A1347ECB3AD3}.Release|Any CPU.Build.0 = Release|Any CPU
	EndGlobalSection
	GlobalSection(SolutionProperties) = preSolution
		HideSolutionNode = FALSE
	EndGlobalSection
	GlobalSection(ExtensibilityGlobals) = postSolution
		SolutionGuid = {5794206C-16B9-4CCC-A52A-3B464E563B83}
	EndGlobalSection
EndGlobal
